
Microsoft Visual Studio Solution File, Format Version 12.00
# Visual Studio Version 16
VisualStudioVersion = 16.0.28902.138
MinimumVisualStudioVersion = 10.0.40219.1
Project("{FAE04EC0-301F-11D3-BF4B-00C04F79EFBC}") = "AnalisisMedicos", "AnalisisMedicos.csproj", "{AD59724D-93C0-466E-9820-061F0930A1DE}"
EndProject
Global
	GlobalSection(SolutionConfigurationPlatforms) = preSolution
		Debug|Any CPU = Debug|Any CPU
		Release|Any CPU = Release|Any CPU
	EndGlobalSection
	GlobalSection(ProjectConfigurationPlatforms) = postSolution
		{AD59724D-93C0-466E-9820-061F0930A1DE}.Debug|Any CPU.ActiveCfg = Debug|Any CPU
		{AD59724D-93C0-466E-9820-061F0930A1DE}.Debug|Any CPU.Build.0 = Debug|Any CPU
		{AD59724D-93C0-466E-9820-061F0930A1DE}.Release|Any CPU.ActiveCfg = Release|Any CPU
		{AD59724D-93C0-466E-9820-061F0930A1DE}.Release|Any CPU.Build.0 = Release|Any CPU
	EndGlobalSection
	GlobalSection(SolutionProperties) = preSolution
		HideSolutionNode = FALSE
	EndGlobalSection
	GlobalSection(ExtensibilityGlobals) = postSolution
		SolutionGuid = {217FC124-8CFA-49C0-897A-3FCC12519222}
	EndGlobalSection
EndGlobal
